
Microsoft Visual Studio Solution File, Format Version 12.00
# Visual Studio Version 16
VisualStudioVersion = 16.0.31321.278
MinimumVisualStudioVersion = 10.0.40219.1
Project("{9A19103F-16F7-4668-BE54-9A1E7A4F7556}") = "MusicService", "MusicService\MusicService.csproj", "{F6631987-68B8-4F5B-BBAF-5213DA548C68}"
EndProject
Project("{FAE04EC0-301F-11D3-BF4B-00C04F79EFBC}") = "MusicService.Tests", "MusicService.Tests\MusicService.Tests.csproj", "{C3C7EE8B-EB6E-445D-AC29-552B908F3385}"
EndProject
Global
	GlobalSection(SolutionConfigurationPlatforms) = preSolution
		Debug|Any CPU = Debug|Any CPU
		Release|Any CPU = Release|Any CPU
	EndGlobalSection
	GlobalSection(ProjectConfigurationPlatforms) = postSolution
		{F6631987-68B8-4F5B-BBAF-5213DA548C68}.Debug|Any CPU.ActiveCfg = Debug|Any CPU
		{F6631987-68B8-4F5B-BBAF-5213DA548C68}.Debug|Any CPU.Build.0 = Debug|Any CPU
		{F6631987-68B8-4F5B-BBAF-5213DA548C68}.Release|Any CPU.ActiveCfg = Release|Any CPU
		{F6631987-68B8-4F5B-BBAF-5213DA548C68}.Release|Any CPU.Build.0 = Release|Any CPU
		{C3C7EE8B-EB6E-445D-AC29-552B908F3385}.Debug|Any CPU.ActiveCfg = Debug|Any CPU
		{C3C7EE8B-EB6E-445D-AC29-552B908F3385}.Debug|Any CPU.Build.0 = Debug|Any CPU
		{C3C7EE8B-EB6E-445D-AC29-552B908F3385}.Release|Any CPU.ActiveCfg = Release|Any CPU
		{C3C7EE8B-EB6E-445D-AC29-552B908F3385}.Release|Any CPU.Build.0 = Release|Any CPU
	EndGlobalSection
	GlobalSection(SolutionProperties) = preSolution
		HideSolutionNode = FALSE
	EndGlobalSection
	GlobalSection(ExtensibilityGlobals) = postSolution
		SolutionGuid = {A27765D1-852E-4C46-808B-15E91F11C04E}
	EndGlobalSection
EndGlobal
